
Microsoft Visual Studio Solution File, Format Version 12.00
# Visual Studio Version 17
VisualStudioVersion = 17.0.31903.59
MinimumVisualStudioVersion = 10.0.40219.1
Project("{FAE04EC0-301F-11D3-BF4B-00C04F79EFBC}") = "Northwind.EntityModels", "Northwind.EntityModels\Northwind.EntityModels.csproj", "{FB6F24FA-902D-45C4-B384-31384464B827}"
EndProject
Project("{FAE04EC0-301F-11D3-BF4B-00C04F79EFBC}") = "Northwind.DataContext", "Northwind.DataContext\Northwind.DataContext.csproj", "{E8F3B3C6-1ECA-466D-8874-AEB74ABD47A1}"
EndProject
Project("{FAE04EC0-301F-11D3-BF4B-00C04F79EFBC}") = "Northwind.Shared", "Northwind.Shared\Northwind.Shared.csproj", "{08F968FF-C072-449D-B946-E1634609CBFD}"
EndProject
Project("{FAE04EC0-301F-11D3-BF4B-00C04F79EFBC}") = "Northwind.UnitTests", "Northwind.UnitTests\Northwind.UnitTests.csproj", "{7DC4DD31-1D14-484A-9AD5-C4D44528C528}"
EndProject
Project("{FAE04EC0-301F-11D3-BF4B-00C04F79EFBC}") = "Northwind.Mvc", "Northwind.Mvc\Northwind.Mvc.csproj", "{E978C46B-39DF-45DA-8981-830706ABC6BD}"
EndProject
Project("{FAE04EC0-301F-11D3-BF4B-00C04F79EFBC}") = "ExploringBootstrap", "ExploringBootstrap\ExploringBootstrap.csproj", "{F6471B37-6CA6-4CDD-AC3F-AD30554298C5}"
EndProject
Global
	GlobalSection(SolutionConfigurationPlatforms) = preSolution
		Debug|Any CPU = Debug|Any CPU
		Debug|x64 = Debug|x64
		Debug|x86 = Debug|x86
		Release|Any CPU = Release|Any CPU
		Release|x64 = Release|x64
		Release|x86 = Release|x86
	EndGlobalSection
	GlobalSection(ProjectConfigurationPlatforms) = postSolution
		{FB6F24FA-902D-45C4-B384-31384464B827}.Debug|Any CPU.ActiveCfg = Debug|Any CPU
		{FB6F24FA-902D-45C4-B384-31384464B827}.Debug|Any CPU.Build.0 = Debug|Any CPU
		{FB6F24FA-902D-45C4-B384-31384464B827}.Debug|x64.ActiveCfg = Debug|Any CPU
		{FB6F24FA-902D-45C4-B384-31384464B827}.Debug|x64.Build.0 = Debug|Any CPU
		{FB6F24FA-902D-45C4-B384-31384464B827}.Debug|x86.ActiveCfg = Debug|Any CPU
		{FB6F24FA-902D-45C4-B384-31384464B827}.Debug|x86.Build.0 = Debug|Any CPU
		{FB6F24FA-902D-45C4-B384-31384464B827}.Release|Any CPU.ActiveCfg = Release|Any CPU
		{FB6F24FA-902D-45C4-B384-31384464B827}.Release|Any CPU.Build.0 = Release|Any CPU
		{FB6F24FA-902D-45C4-B384-31384464B827}.Release|x64.ActiveCfg = Release|Any CPU
		{FB6F24FA-902D-45C4-B384-31384464B827}.Release|x64.Build.0 = Release|Any CPU
		{FB6F24FA-902D-45C4-B384-31384464B827}.Release|x86.ActiveCfg = Release|Any CPU
		{FB6F24FA-902D-45C4-B384-31384464B827}.Release|x86.Build.0 = Release|Any CPU
		{E8F3B3C6-1ECA-466D-8874-AEB74ABD47A1}.Debug|Any CPU.ActiveCfg = Debug|Any CPU
		{E8F3B3C6-1ECA-466D-8874-AEB74ABD47A1}.Debug|Any CPU.Build.0 = Debug|Any CPU
		{E8F3B3C6-1ECA-466D-8874-AEB74ABD47A1}.Debug|x64.ActiveCfg = Debug|Any CPU
		{E8F3B3C6-1ECA-466D-8874-AEB74ABD47A1}.Debug|x64.Build.0 = Debug|Any CPU
		{E8F3B3C6-1ECA-466D-8874-AEB74ABD47A1}.Debug|x86.ActiveCfg = Debug|Any CPU
		{E8F3B3C6-1ECA-466D-8874-AEB74ABD47A1}.Debug|x86.Build.0 = Debug|Any CPU
		{E8F3B3C6-1ECA-466D-8874-AEB74ABD47A1}.Release|Any CPU.ActiveCfg = Release|Any CPU
		{E8F3B3C6-1ECA-466D-8874-AEB74ABD47A1}.Release|Any CPU.Build.0 = Release|Any CPU
		{E8F3B3C6-1ECA-466D-8874-AEB74ABD47A1}.Release|x64.ActiveCfg = Release|Any CPU
		{E8F3B3C6-1ECA-466D-8874-AEB74ABD47A1}.Release|x64.Build.0 = Release|Any CPU
		{E8F3B3C6-1ECA-466D-8874-AEB74ABD47A1}.Release|x86.ActiveCfg = Release|Any CPU
		{E8F3B3C6-1ECA-466D-8874-AEB74ABD47A1}.Release|x86.Build.0 = Release|Any CPU
		{08F968FF-C072-449D-B946-E1634609CBFD}.Debug|Any CPU.ActiveCfg = Debug|Any CPU
		{08F968FF-C072-449D-B946-E1634609CBFD}.Debug|Any CPU.Build.0 = Debug|Any CPU
		{08F968FF-C072-449D-B946-E1634609CBFD}.Debug|x64.ActiveCfg = Debug|Any CPU
		{08F968FF-C072-449D-B946-E1634609CBFD}.Debug|x64.Build.0 = Debug|Any CPU
		{08F968FF-C072-449D-B946-E1634609CBFD}.Debug|x86.ActiveCfg = Debug|Any CPU
		{08F968FF-C072-449D-B946-E1634609CBFD}.Debug|x86.Build.0 = Debug|Any CPU
		{08F968FF-C072-449D-B946-E1634609CBFD}.Release|Any CPU.ActiveCfg = Release|Any CPU
		{08F968FF-C072-449D-B946-E1634609CBFD}.Release|Any CPU.Build.0 = Release|Any CPU
		{08F968FF-C072-449D-B946-E1634609CBFD}.Release|x64.ActiveCfg = Release|Any CPU
		{08F968FF-C072-449D-B946-E1634609CBFD}.Release|x64.Build.0 = Release|Any CPU
		{08F968FF-C072-449D-B946-E1634609CBFD}.Release|x86.ActiveCfg = Release|Any CPU
		{08F968FF-C072-449D-B946-E1634609CBFD}.Release|x86.Build.0 = Release|Any CPU
		{7DC4DD31-1D14-484A-9AD5-C4D44528C528}.Debug|Any CPU.ActiveCfg = Debug|Any CPU
		{7DC4DD31-1D14-484A-9AD5-C4D44528C528}.Debug|Any CPU.Build.0 = Debug|Any CPU
		{7DC4DD31-1D14-484A-9AD5-C4D44528C528}.Debug|x64.ActiveCfg = Debug|Any CPU
		{7DC4DD31-1D14-484A-9AD5-C4D44528C528}.Debug|x64.Build.0 = Debug|Any CPU
		{7DC4DD31-1D14-484A-9AD5-C4D44528C528}.Debug|x86.ActiveCfg = Debug|Any CPU
		{7DC4DD31-1D14-484A-9AD5-C4D44528C528}.Debug|x86.Build.0 = Debug|Any CPU
		{7DC4DD31-1D14-484A-9AD5-C4D44528C528}.Release|Any CPU.ActiveCfg = Release|Any CPU
		{7DC4DD31-1D14-484A-9AD5-C4D44528C528}.Release|Any CPU.Build.0 = Release|Any CPU
		{7DC4DD31-1D14-484A-9AD5-C4D44528C528}.Release|x64.ActiveCfg = Release|Any CPU
		{7DC4DD31-1D14-484A-9AD5-C4D44528C528}.Release|x64.Build.0 = Release|Any CPU
		{7DC4DD31-1D14-484A-9AD5-C4D44528C528}.Release|x86.ActiveCfg = Release|Any CPU
		{7DC4DD31-1D14-484A-9AD5-C4D44528C528}.Release|x86.Build.0 = Release|Any CPU
		{E978C46B-39DF-45DA-8981-830706ABC6BD}.Debug|Any CPU.ActiveCfg = Debug|Any CPU
		{E978C46B-39DF-45DA-8981-830706ABC6BD}.Debug|Any CPU.Build.0 = Debug|Any CPU
		{E978C46B-39DF-45DA-8981-830706ABC6BD}.Debug|x64.ActiveCfg = Debug|Any CPU
		{E978C46B-39DF-45DA-8981-830706ABC6BD}.Debug|x64.Build.0 = Debug|Any CPU
		{E978C46B-39DF-45DA-8981-830706ABC6BD}.Debug|x86.ActiveCfg = Debug|Any CPU
		{E978C46B-39DF-45DA-8981-830706ABC6BD}.Debug|x86.Build.0 = Debug|Any CPU
		{E978C46B-39DF-45DA-8981-830706ABC6BD}.Release|Any CPU.ActiveCfg = Release|Any CPU
		{E978C46B-39DF-45DA-8981-830706ABC6BD}.Release|Any CPU.Build.0 = Release|Any CPU
		{E978C46B-39DF-45DA-8981-830706ABC6BD}.Release|x64.ActiveCfg = Release|Any CPU
		{E978C46B-39DF-45DA-8981-830706ABC6BD}.Release|x64.Build.0 = Release|Any CPU
		{E978C46B-39DF-45DA-8981-830706ABC6BD}.Release|x86.ActiveCfg = Release|Any CPU
		{E978C46B-39DF-45DA-8981-830706ABC6BD}.Release|x86.Build.0 = Release|Any CPU
		{F6471B37-6CA6-4CDD-AC3F-AD30554298C5}.Debug|Any CPU.ActiveCfg = Debug|Any CPU
		{F6471B37-6CA6-4CDD-AC3F-AD30554298C5}.Debug|Any CPU.Build.0 = Debug|Any CPU
		{F6471B37-6CA6-4CDD-AC3F-AD30554298C5}.Debug|x64.ActiveCfg = Debug|Any CPU
		{F6471B37-6CA6-4CDD-AC3F-AD30554298C5}.Debug|x64.Build.0 = Debug|Any CPU
		{F6471B37-6CA6-4CDD-AC3F-AD30554298C5}.Debug|x86.ActiveCfg = Debug|Any CPU
		{F6471B37-6CA6-4CDD-AC3F-AD30554298C5}.Debug|x86.Build.0 = Debug|Any CPU
		{F6471B37-6CA6-4CDD-AC3F-AD30554298C5}.Release|Any CPU.ActiveCfg = Release|Any CPU
		{F6471B37-6CA6-4CDD-AC3F-AD30554298C5}.Release|Any CPU.Build.0 = Release|Any CPU
		{F6471B37-6CA6-4CDD-AC3F-AD30554298C5}.Release|x64.ActiveCfg = Release|Any CPU
		{F6471B37-6CA6-4CDD-AC3F-AD30554298C5}.Release|x64.Build.0 = Release|Any CPU
		{F6471B37-6CA6-4CDD-AC3F-AD30554298C5}.Release|x86.ActiveCfg = Release|Any CPU
		{F6471B37-6CA6-4CDD-AC3F-AD30554298C5}.Release|x86.Build.0 = Release|Any CPU
	EndGlobalSection
	GlobalSection(SolutionProperties) = preSolution
		HideSolutionNode = FALSE
	EndGlobalSection
EndGlobal
